
Microsoft Visual Studio Solution File, Format Version 12.00
# Visual Studio Version 17
VisualStudioVersion = 17.10.34928.147
MinimumVisualStudioVersion = 10.0.40219.1
Project("{FAE04EC0-301F-11D3-BF4B-00C04F79EFBC}") = "appFP_NET", "appFP_NET.csproj", "{1D33040D-08DE-427A-94B8-D72AA7CCA2B6}"
EndProject
Global
	GlobalSection(SolutionConfigurationPlatforms) = preSolution
		Debug|Any CPU = Debug|Any CPU
		Release|Any CPU = Release|Any CPU
	EndGlobalSection
	GlobalSection(ProjectConfigurationPlatforms) = postSolution
		{1D33040D-08DE-427A-94B8-D72AA7CCA2B6}.Debug|Any CPU.ActiveCfg = Debug|Any CPU
		{1D33040D-08DE-427A-94B8-D72AA7CCA2B6}.Debug|Any CPU.Build.0 = Debug|Any CPU
		{1D33040D-08DE-427A-94B8-D72AA7CCA2B6}.Release|Any CPU.ActiveCfg = Release|Any CPU
		{1D33040D-08DE-427A-94B8-D72AA7CCA2B6}.Release|Any CPU.Build.0 = Release|Any CPU
	EndGlobalSection
	GlobalSection(SolutionProperties) = preSolution
		HideSolutionNode = FALSE
	EndGlobalSection
	GlobalSection(ExtensibilityGlobals) = postSolution
		SolutionGuid = {A2A0C219-837D-4D5D-9151-00763EF66FE2}
	EndGlobalSection
EndGlobal
